
Microsoft Visual Studio Solution File, Format Version 12.00
# Visual Studio 14
VisualStudioVersion = 14.0.24720.0
MinimumVisualStudioVersion = 10.0.40219.1
Project("{FAE04EC0-301F-11D3-BF4B-00C04F79EFBC}") = "01.GenOutDMS", "GenOutDMS\01.GenOutDMS.csproj", "{484CD8CA-BCE8-45B9-9E41-CD433B7F30E4}"
EndProject
Project("{FAE04EC0-301F-11D3-BF4B-00C04F79EFBC}") = "04.COMMON", "COMMON\04.COMMON.csproj", "{A0B31222-D680-44A3-A014-098E6BB1E64F}"
EndProject
Project("{FAE04EC0-301F-11D3-BF4B-00C04F79EFBC}") = "03.DAL", "DAL\03.DAL.csproj", "{C1CC38C9-BEAB-48FB-83AF-9E3023925575}"
EndProject
Project("{FAE04EC0-301F-11D3-BF4B-00C04F79EFBC}") = "02.BLL", "BLL\02.BLL.csproj", "{83E12E83-2097-464B-8F35-0A17455D681C}"
EndProject
Global
	GlobalSection(SolutionConfigurationPlatforms) = preSolution
		Debug|Any CPU = Debug|Any CPU
		Debug|x86 = Debug|x86
		Release|Any CPU = Release|Any CPU
		Release|x86 = Release|x86
	EndGlobalSection
	GlobalSection(ProjectConfigurationPlatforms) = postSolution
		{484CD8CA-BCE8-45B9-9E41-CD433B7F30E4}.Debug|Any CPU.ActiveCfg = Debug|Any CPU
		{484CD8CA-BCE8-45B9-9E41-CD433B7F30E4}.Debug|Any CPU.Build.0 = Debug|Any CPU
		{484CD8CA-BCE8-45B9-9E41-CD433B7F30E4}.Debug|x86.ActiveCfg = Debug|Any CPU
		{484CD8CA-BCE8-45B9-9E41-CD433B7F30E4}.Debug|x86.Build.0 = Debug|Any CPU
		{484CD8CA-BCE8-45B9-9E41-CD433B7F30E4}.Release|Any CPU.ActiveCfg = Release|Any CPU
		{484CD8CA-BCE8-45B9-9E41-CD433B7F30E4}.Release|Any CPU.Build.0 = Release|Any CPU
		{484CD8CA-BCE8-45B9-9E41-CD433B7F30E4}.Release|x86.ActiveCfg = Release|Any CPU
		{484CD8CA-BCE8-45B9-9E41-CD433B7F30E4}.Release|x86.Build.0 = Release|Any CPU
		{A0B31222-D680-44A3-A014-098E6BB1E64F}.Debug|Any CPU.ActiveCfg = Debug|Any CPU
		{A0B31222-D680-44A3-A014-098E6BB1E64F}.Debug|Any CPU.Build.0 = Debug|Any CPU
		{A0B31222-D680-44A3-A014-098E6BB1E64F}.Debug|x86.ActiveCfg = Debug|Any CPU
		{A0B31222-D680-44A3-A014-098E6BB1E64F}.Debug|x86.Build.0 = Debug|Any CPU
		{A0B31222-D680-44A3-A014-098E6BB1E64F}.Release|Any CPU.ActiveCfg = Release|Any CPU
		{A0B31222-D680-44A3-A014-098E6BB1E64F}.Release|Any CPU.Build.0 = Release|Any CPU
		{A0B31222-D680-44A3-A014-098E6BB1E64F}.Release|x86.ActiveCfg = Release|Any CPU
		{A0B31222-D680-44A3-A014-098E6BB1E64F}.Release|x86.Build.0 = Release|Any CPU
		{C1CC38C9-BEAB-48FB-83AF-9E3023925575}.Debug|Any CPU.ActiveCfg = Debug|Any CPU
		{C1CC38C9-BEAB-48FB-83AF-9E3023925575}.Debug|Any CPU.Build.0 = Debug|Any CPU
		{C1CC38C9-BEAB-48FB-83AF-9E3023925575}.Debug|x86.ActiveCfg = Debug|Any CPU
		{C1CC38C9-BEAB-48FB-83AF-9E3023925575}.Debug|x86.Build.0 = Debug|Any CPU
		{C1CC38C9-BEAB-48FB-83AF-9E3023925575}.Release|Any CPU.ActiveCfg = Release|Any CPU
		{C1CC38C9-BEAB-48FB-83AF-9E3023925575}.Release|Any CPU.Build.0 = Release|Any CPU
		{C1CC38C9-BEAB-48FB-83AF-9E3023925575}.Release|x86.ActiveCfg = Release|Any CPU
		{C1CC38C9-BEAB-48FB-83AF-9E3023925575}.Release|x86.Build.0 = Release|Any CPU
		{83E12E83-2097-464B-8F35-0A17455D681C}.Debug|Any CPU.ActiveCfg = Debug|Any CPU
		{83E12E83-2097-464B-8F35-0A17455D681C}.Debug|Any CPU.Build.0 = Debug|Any CPU
		{83E12E83-2097-464B-8F35-0A17455D681C}.Debug|x86.ActiveCfg = Debug|Any CPU
		{83E12E83-2097-464B-8F35-0A17455D681C}.Debug|x86.Build.0 = Debug|Any CPU
		{83E12E83-2097-464B-8F35-0A17455D681C}.Release|Any CPU.ActiveCfg = Release|Any CPU
		{83E12E83-2097-464B-8F35-0A17455D681C}.Release|Any CPU.Build.0 = Release|Any CPU
		{83E12E83-2097-464B-8F35-0A17455D681C}.Release|x86.ActiveCfg = Release|Any CPU
		{83E12E83-2097-464B-8F35-0A17455D681C}.Release|x86.Build.0 = Release|Any CPU
	EndGlobalSection
	GlobalSection(SolutionProperties) = preSolution
		HideSolutionNode = FALSE
	EndGlobalSection
EndGlobal
